// !$*UTF8*$!
{
	archiveVersion = 1;
	classes = {
	};
	objectVersion = 56;
	objects = {

/* Begin PBXBuildFile section */
		BF99D65C2A707EEF001865E7 /* TouchdownApp.swift in Sources */ = {isa = PBXBuildFile; fileRef = BF99D65B2A707EEF001865E7 /* TouchdownApp.swift */; };
		BF99D65E2A707EEF001865E7 /* ContentView.swift in Sources */ = {isa = PBXBuildFile; fileRef = BF99D65D2A707EEF001865E7 /* ContentView.swift */; };
		BF99D6602A707EF1001865E7 /* Assets.xcassets in Resources */ = {isa = PBXBuildFile; fileRef = BF99D65F2A707EF1001865E7 /* Assets.xcassets */; };
		BF99D6632A707EF1001865E7 /* Preview Assets.xcassets in Resources */ = {isa = PBXBuildFile; fileRef = BF99D6622A707EF1001865E7 /* Preview Assets.xcassets */; };
		BF99D66D2A708024001865E7 /* product.json in Resources */ = {isa = PBXBuildFile; fileRef = BF99D6692A708024001865E7 /* product.json */; };
		BF99D66E2A708024001865E7 /* player.json in Resources */ = {isa = PBXBuildFile; fileRef = BF99D66A2A708024001865E7 /* player.json */; };
		BF99D66F2A708024001865E7 /* brand.json in Resources */ = {isa = PBXBuildFile; fileRef = BF99D66B2A708024001865E7 /* brand.json */; };
		BF99D6702A708024001865E7 /* category.json in Resources */ = {isa = PBXBuildFile; fileRef = BF99D66C2A708024001865E7 /* category.json */; };
		BF99D67B2A708177001865E7 /* Constant.swift in Sources */ = {isa = PBXBuildFile; fileRef = BF99D67A2A708177001865E7 /* Constant.swift */; };
		BF99D67D2A708225001865E7 /* FooterView.swift in Sources */ = {isa = PBXBuildFile; fileRef = BF99D67C2A708225001865E7 /* FooterView.swift */; };
		BF99D67F2A71C5F7001865E7 /* NavigationBarView.swift in Sources */ = {isa = PBXBuildFile; fileRef = BF99D67E2A71C5F7001865E7 /* NavigationBarView.swift */; };
		BF99D6812A71C730001865E7 /* LogoView.swift in Sources */ = {isa = PBXBuildFile; fileRef = BF99D6802A71C730001865E7 /* LogoView.swift */; };
		BF99D6832A71CAE3001865E7 /* PlayerModel.swift in Sources */ = {isa = PBXBuildFile; fileRef = BF99D6822A71CAE3001865E7 /* PlayerModel.swift */; };
		BF99D6852A71CB16001865E7 /* CodableBunbleExtension.swift in Sources */ = {isa = PBXBuildFile; fileRef = BF99D6842A71CB16001865E7 /* CodableBunbleExtension.swift */; };
		BF99D6872A71CCB6001865E7 /* FeaturedItemView.swift in Sources */ = {isa = PBXBuildFile; fileRef = BF99D6862A71CCB6001865E7 /* FeaturedItemView.swift */; };
		BF99D6892A71CD2F001865E7 /* FeaturedTabView.swift in Sources */ = {isa = PBXBuildFile; fileRef = BF99D6882A71CD2F001865E7 /* FeaturedTabView.swift */; };
		BFAF40582A8D923F00C6B0D8 /* CategoryModel.swift in Sources */ = {isa = PBXBuildFile; fileRef = BFAF40572A8D923F00C6B0D8 /* CategoryModel.swift */; };
		BFAF405A2A8D939C00C6B0D8 /* CategoryItemView.swift in Sources */ = {isa = PBXBuildFile; fileRef = BFAF40592A8D939C00C6B0D8 /* CategoryItemView.swift */; };
		BFAF405C2A8D95CC00C6B0D8 /* CategoryGridView.swift in Sources */ = {isa = PBXBuildFile; fileRef = BFAF405B2A8D95CC00C6B0D8 /* CategoryGridView.swift */; };
		BFAF405E2A8D979300C6B0D8 /* SectionView.swift in Sources */ = {isa = PBXBuildFile; fileRef = BFAF405D2A8D979300C6B0D8 /* SectionView.swift */; };
/* End PBXBuildFile section */

/* Begin PBXFileReference section */
		BF99D6582A707EEF001865E7 /* Touchdown.app */ = {isa = PBXFileReference; explicitFileType = wrapper.application; includeInIndex = 0; path = Touchdown.app; sourceTree = BUILT_PRODUCTS_DIR; };
		BF99D65B2A707EEF001865E7 /* TouchdownApp.swift */ = {isa = PBXFileReference; lastKnownFileType = sourcecode.swift; path = TouchdownApp.swift; sourceTree = "<group>"; };
		BF99D65D2A707EEF001865E7 /* ContentView.swift */ = {isa = PBXFileReference; lastKnownFileType = sourcecode.swift; path = ContentView.swift; sourceTree = "<group>"; };
		BF99D65F2A707EF1001865E7 /* Assets.xcassets */ = {isa = PBXFileReference; lastKnownFileType = folder.assetcatalog; path = Assets.xcassets; sourceTree = "<group>"; };
		BF99D6622A707EF1001865E7 /* Preview Assets.xcassets */ = {isa = PBXFileReference; lastKnownFileType = folder.assetcatalog; path = "Preview Assets.xcassets"; sourceTree = "<group>"; };
		BF99D6692A708024001865E7 /* product.json */ = {isa = PBXFileReference; fileEncoding = 4; lastKnownFileType = text.json; path = product.json; sourceTree = "<group>"; };
		BF99D66A2A708024001865E7 /* player.json */ = {isa = PBXFileReference; fileEncoding = 4; lastKnownFileType = text.json; path = player.json; sourceTree = "<group>"; };
		BF99D66B2A708024001865E7 /* brand.json */ = {isa = PBXFileReference; fileEncoding = 4; lastKnownFileType = text.json; path = brand.json; sourceTree = "<group>"; };
		BF99D66C2A708024001865E7 /* category.json */ = {isa = PBXFileReference; fileEncoding = 4; lastKnownFileType = text.json; path = category.json; sourceTree = "<group>"; };
		BF99D6722A70808B001865E7 /* Info.plist */ = {isa = PBXFileReference; lastKnownFileType = text.plist; path = Info.plist; sourceTree = "<group>"; };
		BF99D67A2A708177001865E7 /* Constant.swift */ = {isa = PBXFileReference; lastKnownFileType = sourcecode.swift; path = Constant.swift; sourceTree = "<group>"; };
		BF99D67C2A708225001865E7 /* FooterView.swift */ = {isa = PBXFileReference; lastKnownFileType = sourcecode.swift; path = FooterView.swift; sourceTree = "<group>"; };
		BF99D67E2A71C5F7001865E7 /* NavigationBarView.swift */ = {isa = PBXFileReference; lastKnownFileType = sourcecode.swift; path = NavigationBarView.swift; sourceTree = "<group>"; };
		BF99D6802A71C730001865E7 /* LogoView.swift */ = {isa = PBXFileReference; lastKnownFileType = sourcecode.swift; path = LogoView.swift; sourceTree = "<group>"; };
		BF99D6822A71CAE3001865E7 /* PlayerModel.swift */ = {isa = PBXFileReference; lastKnownFileType = sourcecode.swift; path = PlayerModel.swift; sourceTree = "<group>"; };
		BF99D6842A71CB16001865E7 /* CodableBunbleExtension.swift */ = {isa = PBXFileReference; lastKnownFileType = sourcecode.swift; path = CodableBunbleExtension.swift; sourceTree = "<group>"; };
		BF99D6862A71CCB6001865E7 /* FeaturedItemView.swift */ = {isa = PBXFileReference; lastKnownFileType = sourcecode.swift; path = FeaturedItemView.swift; sourceTree = "<group>"; };
		BF99D6882A71CD2F001865E7 /* FeaturedTabView.swift */ = {isa = PBXFileReference; lastKnownFileType = sourcecode.swift; path = FeaturedTabView.swift; sourceTree = "<group>"; };
		BFAF40572A8D923F00C6B0D8 /* CategoryModel.swift */ = {isa = PBXFileReference; lastKnownFileType = sourcecode.swift; path = CategoryModel.swift; sourceTree = "<group>"; };
		BFAF40592A8D939C00C6B0D8 /* CategoryItemView.swift */ = {isa = PBXFileReference; lastKnownFileType = sourcecode.swift; path = CategoryItemView.swift; sourceTree = "<group>"; };
		BFAF405B2A8D95CC00C6B0D8 /* CategoryGridView.swift */ = {isa = PBXFileReference; lastKnownFileType = sourcecode.swift; path = CategoryGridView.swift; sourceTree = "<group>"; };
		BFAF405D2A8D979300C6B0D8 /* SectionView.swift */ = {isa = PBXFileReference; lastKnownFileType = sourcecode.swift; path = SectionView.swift; sourceTree = "<group>"; };
/* End PBXFileReference section */

/* Begin PBXFrameworksBuildPhase section */
		BF99D6552A707EEF001865E7 /* Frameworks */ = {
			isa = PBXFrameworksBuildPhase;
			buildActionMask = 2147483647;
			files = (
			);
			runOnlyForDeploymentPostprocessing = 0;
		};
/* End PBXFrameworksBuildPhase section */

/* Begin PBXGroup section */
		BF99D64F2A707EEF001865E7 = {
			isa = PBXGroup;
			children = (
				BF99D65A2A707EEF001865E7 /* Touchdown */,
				BF99D6592A707EEF001865E7 /* Products */,
			);
			sourceTree = "<group>";
		};
		BF99D6592A707EEF001865E7 /* Products */ = {
			isa = PBXGroup;
			children = (
				BF99D6582A707EEF001865E7 /* Touchdown.app */,
			);
			name = Products;
			sourceTree = "<group>";
		};
		BF99D65A2A707EEF001865E7 /* Touchdown */ = {
			isa = PBXGroup;
			children = (
				BF99D6732A70811B001865E7 /* App */,
				BF99D6742A708125001865E7 /* View */,
				BF99D6712A708035001865E7 /* Data */,
				BF99D6772A708135001865E7 /* Model */,
				BF99D6782A708139001865E7 /* Extension */,
				BF99D6792A708140001865E7 /* Utility */,
				BF99D6722A70808B001865E7 /* Info.plist */,
				BF99D65F2A707EF1001865E7 /* Assets.xcassets */,
				BF99D6612A707EF1001865E7 /* Preview Content */,
			);
			path = Touchdown;
			sourceTree = "<group>";
		};
		BF99D6612A707EF1001865E7 /* Preview Content */ = {
			isa = PBXGroup;
			children = (
				BF99D6622A707EF1001865E7 /* Preview Assets.xcassets */,
			);
			path = "Preview Content";
			sourceTree = "<group>";
		};
		BF99D6712A708035001865E7 /* Data */ = {
			isa = PBXGroup;
			children = (
				BF99D66B2A708024001865E7 /* brand.json */,
				BF99D66C2A708024001865E7 /* category.json */,
				BF99D66A2A708024001865E7 /* player.json */,
				BF99D6692A708024001865E7 /* product.json */,
			);
			path = Data;
			sourceTree = "<group>";
		};
		BF99D6732A70811B001865E7 /* App */ = {
			isa = PBXGroup;
			children = (
				BF99D65B2A707EEF001865E7 /* TouchdownApp.swift */,
				BF99D65D2A707EEF001865E7 /* ContentView.swift */,
			);
			path = App;
			sourceTree = "<group>";
		};
		BF99D6742A708125001865E7 /* View */ = {
			isa = PBXGroup;
			children = (
				BF99D6752A70812A001865E7 /* Home */,
				BF99D6762A70812E001865E7 /* Detail */,
			);
			path = View;
			sourceTree = "<group>";
		};
		BF99D6752A70812A001865E7 /* Home */ = {
			isa = PBXGroup;
			children = (
				BF99D67C2A708225001865E7 /* FooterView.swift */,
				BF99D67E2A71C5F7001865E7 /* NavigationBarView.swift */,
				BF99D6802A71C730001865E7 /* LogoView.swift */,
				BF99D6862A71CCB6001865E7 /* FeaturedItemView.swift */,
				BF99D6882A71CD2F001865E7 /* FeaturedTabView.swift */,
				BFAF40592A8D939C00C6B0D8 /* CategoryItemView.swift */,
				BFAF405B2A8D95CC00C6B0D8 /* CategoryGridView.swift */,
				BFAF405D2A8D979300C6B0D8 /* SectionView.swift */,
			);
			path = Home;
			sourceTree = "<group>";
		};
		BF99D6762A70812E001865E7 /* Detail */ = {
			isa = PBXGroup;
			children = (
			);
			path = Detail;
			sourceTree = "<group>";
		};
		BF99D6772A708135001865E7 /* Model */ = {
			isa = PBXGroup;
			children = (
				BF99D6822A71CAE3001865E7 /* PlayerModel.swift */,
				BFAF40572A8D923F00C6B0D8 /* CategoryModel.swift */,
			);
			path = Model;
			sourceTree = "<group>";
		};
		BF99D6782A708139001865E7 /* Extension */ = {
			isa = PBXGroup;
			children = (
				BF99D6842A71CB16001865E7 /* CodableBunbleExtension.swift */,
			);
			path = Extension;
			sourceTree = "<group>";
		};
		BF99D6792A708140001865E7 /* Utility */ = {
			isa = PBXGroup;
			children = (
				BF99D67A2A708177001865E7 /* Constant.swift */,
			);
			path = Utility;
			sourceTree = "<group>";
		};
/* End PBXGroup section */

/* Begin PBXNativeTarget section */
		BF99D6572A707EEF001865E7 /* Touchdown */ = {
			isa = PBXNativeTarget;
			buildConfigurationList = BF99D6662A707EF1001865E7 /* Build configuration list for PBXNativeTarget "Touchdown" */;
			buildPhases = (
				BF99D6542A707EEF001865E7 /* Sources */,
				BF99D6552A707EEF001865E7 /* Frameworks */,
				BF99D6562A707EEF001865E7 /* Resources */,
			);
			buildRules = (
			);
			dependencies = (
			);
			name = Touchdown;
			productName = Touchdown;
			productReference = BF99D6582A707EEF001865E7 /* Touchdown.app */;
			productType = "com.apple.product-type.application";
		};
/* End PBXNativeTarget section */

/* Begin PBXProject section */
		BF99D6502A707EEF001865E7 /* Project object */ = {
			isa = PBXProject;
			attributes = {
				BuildIndependentTargetsInParallel = 1;
				LastSwiftUpdateCheck = 1420;
				LastUpgradeCheck = 1420;
				TargetAttributes = {
					BF99D6572A707EEF001865E7 = {
						CreatedOnToolsVersion = 14.2;
					};
				};
			};
			buildConfigurationList = BF99D6532A707EEF001865E7 /* Build configuration list for PBXProject "Touchdown" */;
			compatibilityVersion = "Xcode 14.0";
			developmentRegion = en;
			hasScannedForEncodings = 0;
			knownRegions = (
				en,
				Base,
			);
			mainGroup = BF99D64F2A707EEF001865E7;
			productRefGroup = BF99D6592A707EEF001865E7 /* Products */;
			projectDirPath = "";
			projectRoot = "";
			targets = (
				BF99D6572A707EEF001865E7 /* Touchdown */,
			);
		};
/* End PBXProject section */

/* Begin PBXResourcesBuildPhase section */
		BF99D6562A707EEF001865E7 /* Resources */ = {
			isa = PBXResourcesBuildPhase;
			buildActionMask = 2147483647;
			files = (
				BF99D66E2A708024001865E7 /* player.json in Resources */,
				BF99D66F2A708024001865E7 /* brand.json in Resources */,
				BF99D6632A707EF1001865E7 /* Preview Assets.xcassets in Resources */,
				BF99D6702A708024001865E7 /* category.json in Resources */,
				BF99D6602A707EF1001865E7 /* Assets.xcassets in Resources */,
				BF99D66D2A708024001865E7 /* product.json in Resources */,
			);
			runOnlyForDeploymentPostprocessing = 0;
		};
/* End PBXResourcesBuildPhase section */

/* Begin PBXSourcesBuildPhase section */
		BF99D6542A707EEF001865E7 /* Sources */ = {
			isa = PBXSourcesBuildPhase;
			buildActionMask = 2147483647;
			files = (
				BF99D65E2A707EEF001865E7 /* ContentView.swift in Sources */,
				BF99D6812A71C730001865E7 /* LogoView.swift in Sources */,
				BF99D67D2A708225001865E7 /* FooterView.swift in Sources */,
				BF99D65C2A707EEF001865E7 /* TouchdownApp.swift in Sources */,
				BF99D6872A71CCB6001865E7 /* FeaturedItemView.swift in Sources */,
				BF99D67B2A708177001865E7 /* Constant.swift in Sources */,
				BF99D67F2A71C5F7001865E7 /* NavigationBarView.swift in Sources */,
				BFAF405C2A8D95CC00C6B0D8 /* CategoryGridView.swift in Sources */,
				BFAF40582A8D923F00C6B0D8 /* CategoryModel.swift in Sources */,
				BF99D6852A71CB16001865E7 /* CodableBunbleExtension.swift in Sources */,
				BFAF405E2A8D979300C6B0D8 /* SectionView.swift in Sources */,
				BFAF405A2A8D939C00C6B0D8 /* CategoryItemView.swift in Sources */,
				BF99D6892A71CD2F001865E7 /* FeaturedTabView.swift in Sources */,
				BF99D6832A71CAE3001865E7 /* PlayerModel.swift in Sources */,
			);
			runOnlyForDeploymentPostprocessing = 0;
		};
/* End PBXSourcesBuildPhase section */

/* Begin XCBuildConfiguration section */
		BF99D6642A707EF1001865E7 /* Debug */ = {
			isa = XCBuildConfiguration;
			buildSettings = {
				ALWAYS_SEARCH_USER_PATHS = NO;
				CLANG_ANALYZER_NONNULL = YES;
				CLANG_ANALYZER_NUMBER_OBJECT_CONVERSION = YES_AGGRESSIVE;
				CLANG_CXX_LANGUAGE_STANDARD = "gnu++20";
				CLANG_ENABLE_MODULES = YES;
				CLANG_ENABLE_OBJC_ARC = YES;
				CLANG_ENABLE_OBJC_WEAK = YES;
				CLANG_WARN_BLOCK_CAPTURE_AUTORELEASING = YES;
				CLANG_WARN_BOOL_CONVERSION = YES;
				CLANG_WARN_COMMA = YES;
				CLANG_WARN_CONSTANT_CONVERSION = YES;
				CLANG_WARN_DEPRECATED_OBJC_IMPLEMENTATIONS = YES;
				CLANG_WARN_DIRECT_OBJC_ISA_USAGE = YES_ERROR;
				CLANG_WARN_DOCUMENTATION_COMMENTS = YES;
				CLANG_WARN_EMPTY_BODY = YES;
				CLANG_WARN_ENUM_CONVERSION = YES;
				CLANG_WARN_INFINITE_RECURSION = YES;
				CLANG_WARN_INT_CONVERSION = YES;
				CLANG_WARN_NON_LITERAL_NULL_CONVERSION = YES;
				CLANG_WARN_OBJC_IMPLICIT_RETAIN_SELF = YES;
				CLANG_WARN_OBJC_LITERAL_CONVERSION = YES;
				CLANG_WARN_OBJC_ROOT_CLASS = YES_ERROR;
				CLANG_WARN_QUOTED_INCLUDE_IN_FRAMEWORK_HEADER = YES;
				CLANG_WARN_RANGE_LOOP_ANALYSIS = YES;
				CLANG_WARN_STRICT_PROTOTYPES = YES;
				CLANG_WARN_SUSPICIOUS_MOVE = YES;
				CLANG_WARN_UNGUARDED_AVAILABILITY = YES_AGGRESSIVE;
				CLANG_WARN_UNREACHABLE_CODE = YES;
				CLANG_WARN__DUPLICATE_METHOD_MATCH = YES;
				COPY_PHASE_STRIP = NO;
				DEBUG_INFORMATION_FORMAT = dwarf;
				ENABLE_STRICT_OBJC_MSGSEND = YES;
				ENABLE_TESTABILITY = YES;
				GCC_C_LANGUAGE_STANDARD = gnu11;
				GCC_DYNAMIC_NO_PIC = NO;
				GCC_NO_COMMON_BLOCKS = YES;
				GCC_OPTIMIZATION_LEVEL = 0;
				GCC_PREPROCESSOR_DEFINITIONS = (
					"DEBUG=1",
					"$(inherited)",
				);
				GCC_WARN_64_TO_32_BIT_CONVERSION = YES;
				GCC_WARN_ABOUT_RETURN_TYPE = YES_ERROR;
				GCC_WARN_UNDECLARED_SELECTOR = YES;
				GCC_WARN_UNINITIALIZED_AUTOS = YES_AGGRESSIVE;
				GCC_WARN_UNUSED_FUNCTION = YES;
				GCC_WARN_UNUSED_VARIABLE = YES;
				IPHONEOS_DEPLOYMENT_TARGET = 16.2;
				MTL_ENABLE_DEBUG_INFO = INCLUDE_SOURCE;
				MTL_FAST_MATH = YES;
				ONLY_ACTIVE_ARCH = YES;
				SDKROOT = iphoneos;
				SWIFT_ACTIVE_COMPILATION_CONDITIONS = DEBUG;
				SWIFT_OPTIMIZATION_LEVEL = "-Onone";
			};
			name = Debug;
		};
		BF99D6652A707EF1001865E7 /* Release */ = {
			isa = XCBuildConfiguration;
			buildSettings = {
				ALWAYS_SEARCH_USER_PATHS = NO;
				CLANG_ANALYZER_NONNULL = YES;
				CLANG_ANALYZER_NUMBER_OBJECT_CONVERSION = YES_AGGRESSIVE;
				CLANG_CXX_LANGUAGE_STANDARD = "gnu++20";
				CLANG_ENABLE_MODULES = YES;
				CLANG_ENABLE_OBJC_ARC = YES;
				CLANG_ENABLE_OBJC_WEAK = YES;
				CLANG_WARN_BLOCK_CAPTURE_AUTORELEASING = YES;
				CLANG_WARN_BOOL_CONVERSION = YES;
				CLANG_WARN_COMMA = YES;
				CLANG_WARN_CONSTANT_CONVERSION = YES;
				CLANG_WARN_DEPRECATED_OBJC_IMPLEMENTATIONS = YES;
				CLANG_WARN_DIRECT_OBJC_ISA_USAGE = YES_ERROR;
				CLANG_WARN_DOCUMENTATION_COMMENTS = YES;
				CLANG_WARN_EMPTY_BODY = YES;
				CLANG_WARN_ENUM_CONVERSION = YES;
				CLANG_WARN_INFINITE_RECURSION = YES;
				CLANG_WARN_INT_CONVERSION = YES;
				CLANG_WARN_NON_LITERAL_NULL_CONVERSION = YES;
				CLANG_WARN_OBJC_IMPLICIT_RETAIN_SELF = YES;
				CLANG_WARN_OBJC_LITERAL_CONVERSION = YES;
				CLANG_WARN_OBJC_ROOT_CLASS = YES_ERROR;
				CLANG_WARN_QUOTED_INCLUDE_IN_FRAMEWORK_HEADER = YES;
				CLANG_WARN_RANGE_LOOP_ANALYSIS = YES;
				CLANG_WARN_STRICT_PROTOTYPES = YES;
				CLANG_WARN_SUSPICIOUS_MOVE = YES;
				CLANG_WARN_UNGUARDED_AVAILABILITY = YES_AGGRESSIVE;
				CLANG_WARN_UNREACHABLE_CODE = YES;
				CLANG_WARN__DUPLICATE_METHOD_MATCH = YES;
				COPY_PHASE_STRIP = NO;
				DEBUG_INFORMATION_FORMAT = "dwarf-with-dsym";
				ENABLE_NS_ASSERTIONS = NO;
				ENABLE_STRICT_OBJC_MSGSEND = YES;
				GCC_C_LANGUAGE_STANDARD = gnu11;
				GCC_NO_COMMON_BLOCKS = YES;
				GCC_WARN_64_TO_32_BIT_CONVERSION = YES;
				GCC_WARN_ABOUT_RETURN_TYPE = YES_ERROR;
				GCC_WARN_UNDECLARED_SELECTOR = YES;
				GCC_WARN_UNINITIALIZED_AUTOS = YES_AGGRESSIVE;
				GCC_WARN_UNUSED_FUNCTION = YES;
				GCC_WARN_UNUSED_VARIABLE = YES;
				IPHONEOS_DEPLOYMENT_TARGET = 16.2;
				MTL_ENABLE_DEBUG_INFO = NO;
				MTL_FAST_MATH = YES;
				SDKROOT = iphoneos;
				SWIFT_COMPILATION_MODE = wholemodule;
				SWIFT_OPTIMIZATION_LEVEL = "-O";
				VALIDATE_PRODUCT = YES;
			};
			name = Release;
		};
		BF99D6672A707EF1001865E7 /* Debug */ = {
			isa = XCBuildConfiguration;
			buildSettings = {
				ASSETCATALOG_COMPILER_APPICON_NAME = AppIcon;
				ASSETCATALOG_COMPILER_GLOBAL_ACCENT_COLOR_NAME = AccentColor;
				CODE_SIGN_STYLE = Automatic;
				CURRENT_PROJECT_VERSION = 1;
				DEVELOPMENT_ASSET_PATHS = "\"Touchdown/Preview Content\"";
				DEVELOPMENT_TEAM = NJ3Y4LJ7H6;
				ENABLE_PREVIEWS = YES;
				GENERATE_INFOPLIST_FILE = YES;
				INFOPLIST_FILE = Touchdown/Info.plist;
				INFOPLIST_KEY_UIApplicationSceneManifest_Generation = YES;
				INFOPLIST_KEY_UIApplicationSupportsIndirectInputEvents = YES;
				INFOPLIST_KEY_UISupportedInterfaceOrientations = UIInterfaceOrientationPortrait;
				INFOPLIST_KEY_UISupportedInterfaceOrientations_iPad = "UIInterfaceOrientationLandscapeLeft UIInterfaceOrientationLandscapeRight UIInterfaceOrientationPortrait UIInterfaceOrientationPortraitUpsideDown";
				INFOPLIST_KEY_UIUserInterfaceStyle = Light;
				LD_RUNPATH_SEARCH_PATHS = (
					"$(inherited)",
					"@executable_path/Frameworks",
				);
				MARKETING_VERSION = 1.0;
				PRODUCT_BUNDLE_IDENTIFIER = com.Andrew.Touchdown;
				PRODUCT_NAME = "$(TARGET_NAME)";
				SWIFT_EMIT_LOC_STRINGS = YES;
				SWIFT_VERSION = 5.0;
				TARGETED_DEVICE_FAMILY = "1,2";
			};
			name = Debug;
		};
		BF99D6682A707EF1001865E7 /* Release */ = {
			isa = XCBuildConfiguration;
			buildSettings = {
				ASSETCATALOG_COMPILER_APPICON_NAME = AppIcon;
				ASSETCATALOG_COMPILER_GLOBAL_ACCENT_COLOR_NAME = AccentColor;
				CODE_SIGN_STYLE = Automatic;
				CURRENT_PROJECT_VERSION = 1;
				DEVELOPMENT_ASSET_PATHS = "\"Touchdown/Preview Content\"";
				DEVELOPMENT_TEAM = NJ3Y4LJ7H6;
				ENABLE_PREVIEWS = YES;
				GENERATE_INFOPLIST_FILE = YES;
				INFOPLIST_FILE = Touchdown/Info.plist;
				INFOPLIST_KEY_UIApplicationSceneManifest_Generation = YES;
				INFOPLIST_KEY_UIApplicationSupportsIndirectInputEvents = YES;
				INFOPLIST_KEY_UISupportedInterfaceOrientations = UIInterfaceOrientationPortrait;
				INFOPLIST_KEY_UISupportedInterfaceOrientations_iPad = "UIInterfaceOrientationLandscapeLeft UIInterfaceOrientationLandscapeRight UIInterfaceOrientationPortrait UIInterfaceOrientationPortraitUpsideDown";
				INFOPLIST_KEY_UIUserInterfaceStyle = Light;
				LD_RUNPATH_SEARCH_PATHS = (
					"$(inherited)",
					"@executable_path/Frameworks",
				);
				MARKETING_VERSION = 1.0;
				PRODUCT_BUNDLE_IDENTIFIER = com.Andrew.Touchdown;
				PRODUCT_NAME = "$(TARGET_NAME)";
				SWIFT_EMIT_LOC_STRINGS = YES;
				SWIFT_VERSION = 5.0;
				TARGETED_DEVICE_FAMILY = "1,2";
			};
			name = Release;
		};
/* End XCBuildConfiguration section */

/* Begin XCConfigurationList section */
		BF99D6532A707EEF001865E7 /* Build configuration list for PBXProject "Touchdown" */ = {
			isa = XCConfigurationList;
			buildConfigurations = (
				BF99D6642A707EF1001865E7 /* Debug */,
				BF99D6652A707EF1001865E7 /* Release */,
			);
			defaultConfigurationIsVisible = 0;
			defaultConfigurationName = Release;
		};
		BF99D6662A707EF1001865E7 /* Build configuration list for PBXNativeTarget "Touchdown" */ = {
			isa = XCConfigurationList;
			buildConfigurations = (
				BF99D6672A707EF1001865E7 /* Debug */,
				BF99D6682A707EF1001865E7 /* Release */,
			);
			defaultConfigurationIsVisible = 0;
			defaultConfigurationName = Release;
		};
/* End XCConfigurationList section */
	};
	rootObject = BF99D6502A707EEF001865E7 /* Project object */;
}
